{
  "name": "genetic_strudel",
  "version": "0.0.1",
  "lockfileVersion": 3,
  "requires": true,
  "packages": {
    "": {
      "name": "genetic_strudel",
      "version": "0.0.1",
      "license": "ISC",
      "dependencies": {
        "@strudel/core": "^1.0.1",
        "@strudel/mini": "^1.0.1"
      }
    },
    "node_modules/@strudel/core": {
      "version": "1.0.1",
      "resolved": "https://registry.npmjs.org/@strudel/core/-/core-1.0.1.tgz",
      "integrity": "sha512-4Ei55Gj5r+XCLc3L5G8YulnFvyYMZVM21NCnH6gY5NNw/dDZujucS//QoPzrp0z9zrnrIIRVxjfGnjYBdIrLbA==",
      "dependencies": {
        "fraction.js": "^4.3.7"
      }
    },
    "node_modules/@strudel/mini": {
      "version": "1.0.1",
      "resolved": "https://registry.npmjs.org/@strudel/mini/-/mini-1.0.1.tgz",
      "integrity": "sha512-ElS5h3hppVcizm9N5e3egHzDP5eGyEqFGMPpl9EHdu+PzF/vt7uc0STxVN//vhq4A9Lrv3FTWSel5rik2AEwBg==",
      "dependencies": {
        "@strudel/core": "1.0.1"
      }
    },
    "node_modules/fraction.js": {
      "version": "4.3.7",
      "resolved": "https://registry.npmjs.org/fraction.js/-/fraction.js-4.3.7.tgz",
      "integrity": "sha512-ZsDfxO51wGAXREY55a7la9LScWpwv9RxIrYABrlvOFBlH/ShPnrtsXeuUIfXKKOVicNxQ+o8JTbJvjS4M89yew==",
      "engines": {
        "node": "*"
      },
      "funding": {
        "type": "patreon",
        "url": "https://github.com/sponsors/rawify"
      }
    }
  }
}
